
Microsoft Visual Studio Solution File, Format Version 12.00
# Visual Studio Version 16
VisualStudioVersion = 16.0.29728.190
MinimumVisualStudioVersion = 10.0.40219.1
Project("{FAE04EC0-301F-11D3-BF4B-00C04F79EFBC}") = "Wallet", "Wallet\Wallet.csproj", "{59964780-E8CE-4430-B54E-14B43D289CA2}"
EndProject
Project("{FAE04EC0-301F-11D3-BF4B-00C04F79EFBC}") = "DomainModel", "DomainModel\DomainModel.csproj", "{4C75822C-C736-42EE-990D-40BFCA0060E7}"
EndProject
Project("{FAE04EC0-301F-11D3-BF4B-00C04F79EFBC}") = "DataAccess", "DataAccess\DataAccess.csproj", "{97F86D07-6909-442F-8612-8390BADBB636}"
EndProject
Project("{FAE04EC0-301F-11D3-BF4B-00C04F79EFBC}") = "Infrastructure", "Infrastructure\Infrastructure.csproj", "{83CAF22E-2637-44A7-ACDA-276479A9030E}"
EndProject
Project("{FAE04EC0-301F-11D3-BF4B-00C04F79EFBC}") = "Infrastructure.Test", "Infrastructure.Test\Infrastructure.Test.csproj", "{18208408-A34C-49A2-827A-A4400B6DD7EF}"
EndProject
Global
	GlobalSection(SolutionConfigurationPlatforms) = preSolution
		Debug|Any CPU = Debug|Any CPU
		Release|Any CPU = Release|Any CPU
	EndGlobalSection
	GlobalSection(ProjectConfigurationPlatforms) = postSolution
		{59964780-E8CE-4430-B54E-14B43D289CA2}.Debug|Any CPU.ActiveCfg = Debug|Any CPU
		{59964780-E8CE-4430-B54E-14B43D289CA2}.Debug|Any CPU.Build.0 = Debug|Any CPU
		{59964780-E8CE-4430-B54E-14B43D289CA2}.Release|Any CPU.ActiveCfg = Release|Any CPU
		{59964780-E8CE-4430-B54E-14B43D289CA2}.Release|Any CPU.Build.0 = Release|Any CPU
		{4C75822C-C736-42EE-990D-40BFCA0060E7}.Debug|Any CPU.ActiveCfg = Debug|Any CPU
		{4C75822C-C736-42EE-990D-40BFCA0060E7}.Debug|Any CPU.Build.0 = Debug|Any CPU
		{4C75822C-C736-42EE-990D-40BFCA0060E7}.Release|Any CPU.ActiveCfg = Release|Any CPU
		{4C75822C-C736-42EE-990D-40BFCA0060E7}.Release|Any CPU.Build.0 = Release|Any CPU
		{97F86D07-6909-442F-8612-8390BADBB636}.Debug|Any CPU.ActiveCfg = Debug|Any CPU
		{97F86D07-6909-442F-8612-8390BADBB636}.Debug|Any CPU.Build.0 = Debug|Any CPU
		{97F86D07-6909-442F-8612-8390BADBB636}.Release|Any CPU.ActiveCfg = Release|Any CPU
		{97F86D07-6909-442F-8612-8390BADBB636}.Release|Any CPU.Build.0 = Release|Any CPU
		{83CAF22E-2637-44A7-ACDA-276479A9030E}.Debug|Any CPU.ActiveCfg = Debug|Any CPU
		{83CAF22E-2637-44A7-ACDA-276479A9030E}.Debug|Any CPU.Build.0 = Debug|Any CPU
		{83CAF22E-2637-44A7-ACDA-276479A9030E}.Release|Any CPU.ActiveCfg = Release|Any CPU
		{83CAF22E-2637-44A7-ACDA-276479A9030E}.Release|Any CPU.Build.0 = Release|Any CPU
		{18208408-A34C-49A2-827A-A4400B6DD7EF}.Debug|Any CPU.ActiveCfg = Debug|Any CPU
		{18208408-A34C-49A2-827A-A4400B6DD7EF}.Debug|Any CPU.Build.0 = Debug|Any CPU
		{18208408-A34C-49A2-827A-A4400B6DD7EF}.Release|Any CPU.ActiveCfg = Release|Any CPU
		{18208408-A34C-49A2-827A-A4400B6DD7EF}.Release|Any CPU.Build.0 = Release|Any CPU
	EndGlobalSection
	GlobalSection(SolutionProperties) = preSolution
		HideSolutionNode = FALSE
	EndGlobalSection
	GlobalSection(ExtensibilityGlobals) = postSolution
		SolutionGuid = {2163B670-37C1-44A9-B3E9-7DCD94A6832F}
	EndGlobalSection
EndGlobal
